
Microsoft Visual Studio Solution File, Format Version 12.00
# Visual Studio Version 17
VisualStudioVersion = 17.4.33205.214
MinimumVisualStudioVersion = 10.0.40219.1
Project("{2150E333-8FDC-42A3-9474-1A3956D46DE8}") = "src", "src", "{8E416CF3-7BEF-450A-91A1-4F7EC1DDBED5}"
EndProject
Project("{2150E333-8FDC-42A3-9474-1A3956D46DE8}") = "tests", "tests", "{10CEB7E4-39AB-4C79-B6B5-3D022618054D}"
EndProject
Project("{2150E333-8FDC-42A3-9474-1A3956D46DE8}") = "Backend", "Backend", "{846AF935-E633-4A9A-924E-E0D440ADD188}"
EndProject
Project("{2150E333-8FDC-42A3-9474-1A3956D46DE8}") = "Shared", "Shared", "{F5BC0DC9-79DF-457A-96B5-B4B2EF8BB6C1}"
EndProject
Project("{9A19103F-16F7-4668-BE54-9A1E7A4F7556}") = "MeuLivroDeReceitas.CrossCutting", "src\Shared\MeuLivroDeReceitas.CrossCutting\MeuLivroDeReceitas.CrossCutting.csproj", "{0877855A-02FD-4964-8953-C3DE5B68D6B6}"
EndProject
Project("{9A19103F-16F7-4668-BE54-9A1E7A4F7556}") = "MeuLivroDeReceitas.Exceptions", "src\Shared\MeuLivroDeReceitas.Exceptions\MeuLivroDeReceitas.Exceptions.csproj", "{70718CC9-9BF6-46D6-9033-E314ACFE17A8}"
EndProject
Project("{9A19103F-16F7-4668-BE54-9A1E7A4F7556}") = "MeuLivroDeReceitas.Application", "src\Backend\MeuLivroDeReceitas.Application\MeuLivroDeReceitas.Application.csproj", "{376A9661-2322-4A07-B03B-299E08D6FE9B}"
EndProject
Project("{9A19103F-16F7-4668-BE54-9A1E7A4F7556}") = "MeuLivroDeReceitas.Domain", "src\Backend\MeuLivroDeReceitas.Domain\MeuLivroDeReceitas.Domain.csproj", "{8E85A46E-AD25-4618-91B3-A524E74C9DF5}"
EndProject
Project("{9A19103F-16F7-4668-BE54-9A1E7A4F7556}") = "MeuLivroDeReceitas.Infrastructure", "src\Backend\MeuLivroDeReceitas.Infrastructure\MeuLivroDeReceitas.Infrastructure.csproj", "{5F24C300-A404-4648-A8F5-0F0EBAFD818E}"
EndProject
Project("{9A19103F-16F7-4668-BE54-9A1E7A4F7556}") = "MeuLivroDeReceitas.Api", "src\Backend\MeuLivroDeReceitas.Api\MeuLivroDeReceitas.Api.csproj", "{AECA9330-7239-4BDA-A043-CF55C74E1DDE}"
EndProject
Project("{9A19103F-16F7-4668-BE54-9A1E7A4F7556}") = "Validators.Test", "tests\Validators.Test\Validators.Test.csproj", "{60E01503-D155-473F-9AFC-555F26881558}"
EndProject
Project("{9A19103F-16F7-4668-BE54-9A1E7A4F7556}") = "UseCases.Test", "tests\UseCases.Test\UseCases.Test.csproj", "{CF8C07C8-7258-4CDC-AC8C-A705E205F033}"
EndProject
Project("{9A19103F-16F7-4668-BE54-9A1E7A4F7556}") = "WebApi.Test", "tests\WebApi.Test\WebApi.Test.csproj", "{BF8813C5-8BD5-4F0D-94DC-BAA2BDE8E585}"
EndProject
Project("{FAE04EC0-301F-11D3-BF4B-00C04F79EFBC}") = "MeuLivroDeReceitas.Infra.IoC", "src\Backend\MeuLivroDeReceitas.Infra.IoC\MeuLivroDeReceitas.Infra.IoC.csproj", "{3B7D40FD-849E-4859-8130-157A5E963191}"
EndProject
Global
	GlobalSection(SolutionConfigurationPlatforms) = preSolution
		Debug|Any CPU = Debug|Any CPU
		Release|Any CPU = Release|Any CPU
	EndGlobalSection
	GlobalSection(ProjectConfigurationPlatforms) = postSolution
		{0877855A-02FD-4964-8953-C3DE5B68D6B6}.Debug|Any CPU.ActiveCfg = Debug|Any CPU
		{0877855A-02FD-4964-8953-C3DE5B68D6B6}.Debug|Any CPU.Build.0 = Debug|Any CPU
		{0877855A-02FD-4964-8953-C3DE5B68D6B6}.Release|Any CPU.ActiveCfg = Release|Any CPU
		{0877855A-02FD-4964-8953-C3DE5B68D6B6}.Release|Any CPU.Build.0 = Release|Any CPU
		{70718CC9-9BF6-46D6-9033-E314ACFE17A8}.Debug|Any CPU.ActiveCfg = Debug|Any CPU
		{70718CC9-9BF6-46D6-9033-E314ACFE17A8}.Debug|Any CPU.Build.0 = Debug|Any CPU
		{70718CC9-9BF6-46D6-9033-E314ACFE17A8}.Release|Any CPU.ActiveCfg = Release|Any CPU
		{70718CC9-9BF6-46D6-9033-E314ACFE17A8}.Release|Any CPU.Build.0 = Release|Any CPU
		{376A9661-2322-4A07-B03B-299E08D6FE9B}.Debug|Any CPU.ActiveCfg = Debug|Any CPU
		{376A9661-2322-4A07-B03B-299E08D6FE9B}.Debug|Any CPU.Build.0 = Debug|Any CPU
		{376A9661-2322-4A07-B03B-299E08D6FE9B}.Release|Any CPU.ActiveCfg = Release|Any CPU
		{376A9661-2322-4A07-B03B-299E08D6FE9B}.Release|Any CPU.Build.0 = Release|Any CPU
		{8E85A46E-AD25-4618-91B3-A524E74C9DF5}.Debug|Any CPU.ActiveCfg = Debug|Any CPU
		{8E85A46E-AD25-4618-91B3-A524E74C9DF5}.Debug|Any CPU.Build.0 = Debug|Any CPU
		{8E85A46E-AD25-4618-91B3-A524E74C9DF5}.Release|Any CPU.ActiveCfg = Release|Any CPU
		{8E85A46E-AD25-4618-91B3-A524E74C9DF5}.Release|Any CPU.Build.0 = Release|Any CPU
		{5F24C300-A404-4648-A8F5-0F0EBAFD818E}.Debug|Any CPU.ActiveCfg = Debug|Any CPU
		{5F24C300-A404-4648-A8F5-0F0EBAFD818E}.Debug|Any CPU.Build.0 = Debug|Any CPU
		{5F24C300-A404-4648-A8F5-0F0EBAFD818E}.Release|Any CPU.ActiveCfg = Release|Any CPU
		{5F24C300-A404-4648-A8F5-0F0EBAFD818E}.Release|Any CPU.Build.0 = Release|Any CPU
		{AECA9330-7239-4BDA-A043-CF55C74E1DDE}.Debug|Any CPU.ActiveCfg = Debug|Any CPU
		{AECA9330-7239-4BDA-A043-CF55C74E1DDE}.Debug|Any CPU.Build.0 = Debug|Any CPU
		{AECA9330-7239-4BDA-A043-CF55C74E1DDE}.Release|Any CPU.ActiveCfg = Release|Any CPU
		{AECA9330-7239-4BDA-A043-CF55C74E1DDE}.Release|Any CPU.Build.0 = Release|Any CPU
		{60E01503-D155-473F-9AFC-555F26881558}.Debug|Any CPU.ActiveCfg = Debug|Any CPU
		{60E01503-D155-473F-9AFC-555F26881558}.Debug|Any CPU.Build.0 = Debug|Any CPU
		{60E01503-D155-473F-9AFC-555F26881558}.Release|Any CPU.ActiveCfg = Release|Any CPU
		{60E01503-D155-473F-9AFC-555F26881558}.Release|Any CPU.Build.0 = Release|Any CPU
		{CF8C07C8-7258-4CDC-AC8C-A705E205F033}.Debug|Any CPU.ActiveCfg = Debug|Any CPU
		{CF8C07C8-7258-4CDC-AC8C-A705E205F033}.Debug|Any CPU.Build.0 = Debug|Any CPU
		{CF8C07C8-7258-4CDC-AC8C-A705E205F033}.Release|Any CPU.ActiveCfg = Release|Any CPU
		{CF8C07C8-7258-4CDC-AC8C-A705E205F033}.Release|Any CPU.Build.0 = Release|Any CPU
		{BF8813C5-8BD5-4F0D-94DC-BAA2BDE8E585}.Debug|Any CPU.ActiveCfg = Debug|Any CPU
		{BF8813C5-8BD5-4F0D-94DC-BAA2BDE8E585}.Debug|Any CPU.Build.0 = Debug|Any CPU
		{BF8813C5-8BD5-4F0D-94DC-BAA2BDE8E585}.Release|Any CPU.ActiveCfg = Release|Any CPU
		{BF8813C5-8BD5-4F0D-94DC-BAA2BDE8E585}.Release|Any CPU.Build.0 = Release|Any CPU
		{3B7D40FD-849E-4859-8130-157A5E963191}.Debug|Any CPU.ActiveCfg = Debug|Any CPU
		{3B7D40FD-849E-4859-8130-157A5E963191}.Debug|Any CPU.Build.0 = Debug|Any CPU
		{3B7D40FD-849E-4859-8130-157A5E963191}.Release|Any CPU.ActiveCfg = Release|Any CPU
		{3B7D40FD-849E-4859-8130-157A5E963191}.Release|Any CPU.Build.0 = Release|Any CPU
	EndGlobalSection
	GlobalSection(SolutionProperties) = preSolution
		HideSolutionNode = FALSE
	EndGlobalSection
	GlobalSection(NestedProjects) = preSolution
		{846AF935-E633-4A9A-924E-E0D440ADD188} = {8E416CF3-7BEF-450A-91A1-4F7EC1DDBED5}
		{F5BC0DC9-79DF-457A-96B5-B4B2EF8BB6C1} = {8E416CF3-7BEF-450A-91A1-4F7EC1DDBED5}
		{0877855A-02FD-4964-8953-C3DE5B68D6B6} = {F5BC0DC9-79DF-457A-96B5-B4B2EF8BB6C1}
		{70718CC9-9BF6-46D6-9033-E314ACFE17A8} = {F5BC0DC9-79DF-457A-96B5-B4B2EF8BB6C1}
		{376A9661-2322-4A07-B03B-299E08D6FE9B} = {846AF935-E633-4A9A-924E-E0D440ADD188}
		{8E85A46E-AD25-4618-91B3-A524E74C9DF5} = {846AF935-E633-4A9A-924E-E0D440ADD188}
		{5F24C300-A404-4648-A8F5-0F0EBAFD818E} = {846AF935-E633-4A9A-924E-E0D440ADD188}
		{AECA9330-7239-4BDA-A043-CF55C74E1DDE} = {846AF935-E633-4A9A-924E-E0D440ADD188}
		{60E01503-D155-473F-9AFC-555F26881558} = {10CEB7E4-39AB-4C79-B6B5-3D022618054D}
		{CF8C07C8-7258-4CDC-AC8C-A705E205F033} = {10CEB7E4-39AB-4C79-B6B5-3D022618054D}
		{BF8813C5-8BD5-4F0D-94DC-BAA2BDE8E585} = {10CEB7E4-39AB-4C79-B6B5-3D022618054D}
		{3B7D40FD-849E-4859-8130-157A5E963191} = {846AF935-E633-4A9A-924E-E0D440ADD188}
	EndGlobalSection
	GlobalSection(ExtensibilityGlobals) = postSolution
		SolutionGuid = {474FFE23-B734-4FCB-BC6A-721A4F755681}
	EndGlobalSection
EndGlobal
